
Microsoft Visual Studio Solution File, Format Version 12.00
# Visual Studio Version 16
VisualStudioVersion = 16.0.31112.23
MinimumVisualStudioVersion = 10.0.40219.1
Project("{FAE04EC0-301F-11D3-BF4B-00C04F79EFBC}") = "GameX.Biohazard.5", "GameX.Biohazard.5\GameX.Biohazard.5.csproj", "{1C975310-A3A9-4073-8A73-24A12037CCE7}"
EndProject
Project("{FAE04EC0-301F-11D3-BF4B-00C04F79EFBC}") = "GameX.Launcher.x86", "GameX.Launcher.x86\GameX.Launcher.x86.csproj", "{E3A23135-1149-4770-95EA-09F65EACFE28}"
EndProject
Project("{FAE04EC0-301F-11D3-BF4B-00C04F79EFBC}") = "GameX.Launcher.x64", "GameX.Launcher.x64\GameX.Launcher.x64.csproj", "{4AE517CF-5846-441C-B94D-45C2F9A95FD3}"
EndProject
Project("{FAE04EC0-301F-11D3-BF4B-00C04F79EFBC}") = "GameX.Updater", "GameX.Updater\GameX.Updater.csproj", "{779F622E-F847-4FEA-8858-CD643803FA1D}"
EndProject
Global
	GlobalSection(SolutionConfigurationPlatforms) = preSolution
		Debug|Any CPU = Debug|Any CPU
		Release|Any CPU = Release|Any CPU
	EndGlobalSection
	GlobalSection(ProjectConfigurationPlatforms) = postSolution
		{1C975310-A3A9-4073-8A73-24A12037CCE7}.Debug|Any CPU.ActiveCfg = Debug|Any CPU
		{1C975310-A3A9-4073-8A73-24A12037CCE7}.Debug|Any CPU.Build.0 = Debug|Any CPU
		{1C975310-A3A9-4073-8A73-24A12037CCE7}.Release|Any CPU.ActiveCfg = Release|Any CPU
		{1C975310-A3A9-4073-8A73-24A12037CCE7}.Release|Any CPU.Build.0 = Release|Any CPU
		{E3A23135-1149-4770-95EA-09F65EACFE28}.Debug|Any CPU.ActiveCfg = Debug|Any CPU
		{E3A23135-1149-4770-95EA-09F65EACFE28}.Debug|Any CPU.Build.0 = Debug|Any CPU
		{E3A23135-1149-4770-95EA-09F65EACFE28}.Release|Any CPU.ActiveCfg = Release|Any CPU
		{E3A23135-1149-4770-95EA-09F65EACFE28}.Release|Any CPU.Build.0 = Release|Any CPU
		{4AE517CF-5846-441C-B94D-45C2F9A95FD3}.Debug|Any CPU.ActiveCfg = Debug|Any CPU
		{4AE517CF-5846-441C-B94D-45C2F9A95FD3}.Debug|Any CPU.Build.0 = Debug|Any CPU
		{4AE517CF-5846-441C-B94D-45C2F9A95FD3}.Release|Any CPU.ActiveCfg = Release|Any CPU
		{4AE517CF-5846-441C-B94D-45C2F9A95FD3}.Release|Any CPU.Build.0 = Release|Any CPU
		{779F622E-F847-4FEA-8858-CD643803FA1D}.Debug|Any CPU.ActiveCfg = Debug|Any CPU
		{779F622E-F847-4FEA-8858-CD643803FA1D}.Debug|Any CPU.Build.0 = Debug|Any CPU
		{779F622E-F847-4FEA-8858-CD643803FA1D}.Release|Any CPU.ActiveCfg = Release|Any CPU
		{779F622E-F847-4FEA-8858-CD643803FA1D}.Release|Any CPU.Build.0 = Release|Any CPU
	EndGlobalSection
	GlobalSection(SolutionProperties) = preSolution
		HideSolutionNode = FALSE
	EndGlobalSection
	GlobalSection(ExtensibilityGlobals) = postSolution
		SolutionGuid = {134006B4-BDE2-4122-B99C-F7086F559AFF}
	EndGlobalSection
EndGlobal
